// !$*UTF8*$!
{
	archiveVersion = 1;
	classes = {
	};
	objectVersion = 46;
	objects = {

/* Begin PBXBuildFile section */
		65C17A5C1D5BC95DC8DB675A /* libPods-CoreImageDemo01.a in Frameworks */ = {isa = PBXBuildFile; fileRef = C397E5C6C3A7E2922EA54984 /* libPods-CoreImageDemo01.a */; };
		FB31F06D1D77B3F20032699C /* main.m in Sources */ = {isa = PBXBuildFile; fileRef = FB31F06C1D77B3F20032699C /* main.m */; };
		FB31F0701D77B3F20032699C /* AppDelegate.m in Sources */ = {isa = PBXBuildFile; fileRef = FB31F06F1D77B3F20032699C /* AppDelegate.m */; };
		FB31F0731D77B3F20032699C /* ViewController.m in Sources */ = {isa = PBXBuildFile; fileRef = FB31F0721D77B3F20032699C /* ViewController.m */; };
		FB31F0761D77B3F20032699C /* Main.storyboard in Resources */ = {isa = PBXBuildFile; fileRef = FB31F0741D77B3F20032699C /* Main.storyboard */; };
		FB31F0781D77B3F20032699C /* Assets.xcassets in Resources */ = {isa = PBXBuildFile; fileRef = FB31F0771D77B3F20032699C /* Assets.xcassets */; };
		FB31F07B1D77B3F20032699C /* LaunchScreen.storyboard in Resources */ = {isa = PBXBuildFile; fileRef = FB31F0791D77B3F20032699C /* LaunchScreen.storyboard */; };
		FB31F0831D77B4F80032699C /* no_filter_2x.png in Resources */ = {isa = PBXBuildFile; fileRef = FB31F0821D77B4F80032699C /* no_filter_2x.png */; };
		FB31F0861D77D17F0032699C /* boots.jpg in Resources */ = {isa = PBXBuildFile; fileRef = FB31F0841D77D17F0032699C /* boots.jpg */; };
		FB31F0871D77D17F0032699C /* skier.jpg in Resources */ = {isa = PBXBuildFile; fileRef = FB31F0851D77D17F0032699C /* skier.jpg */; };
		FB31F08A1D77D3080032699C /* SecondViewController.m in Sources */ = {isa = PBXBuildFile; fileRef = FB31F0891D77D3080032699C /* SecondViewController.m */; };
		FB43EDDF1D9E39BE00378798 /* ViewLayerCombineVC.m in Sources */ = {isa = PBXBuildFile; fileRef = FB43EDDE1D9E39BE00378798 /* ViewLayerCombineVC.m */; };
		FB43EDE11D9E469200378798 /* stickers_2.png in Resources */ = {isa = PBXBuildFile; fileRef = FB43EDE01D9E469200378798 /* stickers_2.png */; };
		FB8727321D7A596C004B9456 /* ChromaKeyFilterVC.m in Sources */ = {isa = PBXBuildFile; fileRef = FB8727311D7A596C004B9456 /* ChromaKeyFilterVC.m */; };
		FB8727341D7A668C004B9456 /* person@2x.png in Resources */ = {isa = PBXBuildFile; fileRef = FB8727331D7A668C004B9456 /* person@2x.png */; };
		FB8727361D7A6693004B9456 /* beach@2x.png in Resources */ = {isa = PBXBuildFile; fileRef = FB8727351D7A6693004B9456 /* beach@2x.png */; };
		FB87275C1D7AA455004B9456 /* ChromaKeyFilter.m in Sources */ = {isa = PBXBuildFile; fileRef = FB87275B1D7AA455004B9456 /* ChromaKeyFilter.m */; };
		FB8727611D7AB85C004B9456 /* WhiteVignetteFaceViewController.m in Sources */ = {isa = PBXBuildFile; fileRef = FB8727601D7AB85C004B9456 /* WhiteVignetteFaceViewController.m */; };
		FB8727651D7AC0E5004B9456 /* IMG_20140503_131215.jpg in Resources */ = {isa = PBXBuildFile; fileRef = FB8727641D7AC0E5004B9456 /* IMG_20140503_131215.jpg */; };
		FB8727681D7AC483004B9456 /* TiltShiftFilterVC.m in Sources */ = {isa = PBXBuildFile; fileRef = FB8727671D7AC483004B9456 /* TiltShiftFilterVC.m */; };
		FB87276B1D7AD26A004B9456 /* JPTiltShift.m in Sources */ = {isa = PBXBuildFile; fileRef = FB87276A1D7AD26A004B9456 /* JPTiltShift.m */; };
		FB87276E1D7AD52C004B9456 /* AnonymousFaceFilterVC.m in Sources */ = {isa = PBXBuildFile; fileRef = FB87276D1D7AD52C004B9456 /* AnonymousFaceFilterVC.m */; };
		FB9B1E5A1DA8D41500CA477F /* CTMViewController.m in Sources */ = {isa = PBXBuildFile; fileRef = FB9B1E591DA8D41500CA477F /* CTMViewController.m */; };
		FB9D98421D7D0014008F944A /* PixellateTransitionFilterVC.m in Sources */ = {isa = PBXBuildFile; fileRef = FB9D98411D7D0014008F944A /* PixellateTransitionFilterVC.m */; };
		FB9D98461D7D2487008F944A /* MicroPaintVC.m in Sources */ = {isa = PBXBuildFile; fileRef = FB9D98451D7D2487008F944A /* MicroPaintVC.m */; };
		FB9D98511D7D51CF008F944A /* ZXSlider.m in Sources */ = {isa = PBXBuildFile; fileRef = FB9D98501D7D51CF008F944A /* ZXSlider.m */; };
		FB9D98541D7D578A008F944A /* ZXFilterSlider.m in Sources */ = {isa = PBXBuildFile; fileRef = FB9D98531D7D578A008F944A /* ZXFilterSlider.m */; };
		FB9D985D1D7D6BDD008F944A /* CICategoryColorAdjustmentBaseVC.m in Sources */ = {isa = PBXBuildFile; fileRef = FB9D985C1D7D6BDD008F944A /* CICategoryColorAdjustmentBaseVC.m */; };
		FB9D98601D7D6CE8008F944A /* CICategoryColorAdjusmentVC.m in Sources */ = {isa = PBXBuildFile; fileRef = FB9D985F1D7D6CE8008F944A /* CICategoryColorAdjusmentVC.m */; };
		FBA54B061D790A6400175396 /* ThirdTableViewController.m in Sources */ = {isa = PBXBuildFile; fileRef = FBA54B051D790A6400175396 /* ThirdTableViewController.m */; };
		FBA54B091D790B6A00175396 /* FaceDetectViewController.m in Sources */ = {isa = PBXBuildFile; fileRef = FBA54B081D790B6A00175396 /* FaceDetectViewController.m */; };
		FBA54B0B1D790BAD00175396 /* Faces.jpg in Resources */ = {isa = PBXBuildFile; fileRef = FBA54B0A1D790BAD00175396 /* Faces.jpg */; };
		FBA54B0F1D7913BC00175396 /* CIFaceFeature+Extension.m in Sources */ = {isa = PBXBuildFile; fileRef = FBA54B0E1D7913BC00175396 /* CIFaceFeature+Extension.m */; };
		FBA54B121D793FF000175396 /* AutoEnchanceViewController.m in Sources */ = {isa = PBXBuildFile; fileRef = FBA54B111D793FF000175396 /* AutoEnchanceViewController.m */; };
		FBA54B181D79566D00175396 /* UIImage+Extension.m in Sources */ = {isa = PBXBuildFile; fileRef = FBA54B171D79566D00175396 /* UIImage+Extension.m */; };
		FBA54B1C1D79695300175396 /* CIColorInvertViewController.m in Sources */ = {isa = PBXBuildFile; fileRef = FBA54B1B1D79695300175396 /* CIColorInvertViewController.m */; };
		FBC264A91D98E8310062872D /* OverlayViewController.m in Sources */ = {isa = PBXBuildFile; fileRef = FBC264A81D98E8310062872D /* OverlayViewController.m */; };
		FBC264AB1D98E9890062872D /* overlay_bg.jpg in Resources */ = {isa = PBXBuildFile; fileRef = FBC264AA1D98E9890062872D /* overlay_bg.jpg */; };
		FBC264AE1D98EAC20062872D /* overlay_fg.png in Resources */ = {isa = PBXBuildFile; fileRef = FBC264AD1D98EAC20062872D /* overlay_fg.png */; };
		FBC264B11D98EB340062872D /* OverLayDetailViewController.m in Sources */ = {isa = PBXBuildFile; fileRef = FBC264B01D98EB340062872D /* OverLayDetailViewController.m */; };
		FBC264B31D98F7510062872D /* filter.md in Sources */ = {isa = PBXBuildFile; fileRef = FBC264B21D98F7510062872D /* filter.md */; };
/* End PBXBuildFile section */

/* Begin PBXFileReference section */
		3E250FA2B461BABE9A2013DA /* Pods-CoreImageDemo01.release.xcconfig */ = {isa = PBXFileReference; includeInIndex = 1; lastKnownFileType = text.xcconfig; name = "Pods-CoreImageDemo01.release.xcconfig"; path = "Pods/Target Support Files/Pods-CoreImageDemo01/Pods-CoreImageDemo01.release.xcconfig"; sourceTree = "<group>"; };
		7BBD0BE4A3CAD54DA3625C89 /* Pods-CoreImageDemo01.debug.xcconfig */ = {isa = PBXFileReference; includeInIndex = 1; lastKnownFileType = text.xcconfig; name = "Pods-CoreImageDemo01.debug.xcconfig"; path = "Pods/Target Support Files/Pods-CoreImageDemo01/Pods-CoreImageDemo01.debug.xcconfig"; sourceTree = "<group>"; };
		C397E5C6C3A7E2922EA54984 /* libPods-CoreImageDemo01.a */ = {isa = PBXFileReference; explicitFileType = archive.ar; includeInIndex = 0; path = "libPods-CoreImageDemo01.a"; sourceTree = BUILT_PRODUCTS_DIR; };
		FB31F0681D77B3F20032699C /* CoreImageDemo01.app */ = {isa = PBXFileReference; explicitFileType = wrapper.application; includeInIndex = 0; path = CoreImageDemo01.app; sourceTree = BUILT_PRODUCTS_DIR; };
		FB31F06C1D77B3F20032699C /* main.m */ = {isa = PBXFileReference; lastKnownFileType = sourcecode.c.objc; path = main.m; sourceTree = "<group>"; };
		FB31F06E1D77B3F20032699C /* AppDelegate.h */ = {isa = PBXFileReference; lastKnownFileType = sourcecode.c.h; path = AppDelegate.h; sourceTree = "<group>"; };
		FB31F06F1D77B3F20032699C /* AppDelegate.m */ = {isa = PBXFileReference; lastKnownFileType = sourcecode.c.objc; path = AppDelegate.m; sourceTree = "<group>"; };
		FB31F0711D77B3F20032699C /* ViewController.h */ = {isa = PBXFileReference; lastKnownFileType = sourcecode.c.h; path = ViewController.h; sourceTree = "<group>"; };
		FB31F0721D77B3F20032699C /* ViewController.m */ = {isa = PBXFileReference; lastKnownFileType = sourcecode.c.objc; path = ViewController.m; sourceTree = "<group>"; };
		FB31F0751D77B3F20032699C /* Base */ = {isa = PBXFileReference; lastKnownFileType = file.storyboard; name = Base; path = Base.lproj/Main.storyboard; sourceTree = "<group>"; };
		FB31F0771D77B3F20032699C /* Assets.xcassets */ = {isa = PBXFileReference; lastKnownFileType = folder.assetcatalog; path = Assets.xcassets; sourceTree = "<group>"; };
		FB31F07A1D77B3F20032699C /* Base */ = {isa = PBXFileReference; lastKnownFileType = file.storyboard; name = Base; path = Base.lproj/LaunchScreen.storyboard; sourceTree = "<group>"; };
		FB31F07C1D77B3F20032699C /* Info.plist */ = {isa = PBXFileReference; lastKnownFileType = text.plist.xml; path = Info.plist; sourceTree = "<group>"; };
		FB31F0821D77B4F80032699C /* no_filter_2x.png */ = {isa = PBXFileReference; lastKnownFileType = image.png; path = no_filter_2x.png; sourceTree = "<group>"; };
		FB31F0841D77D17F0032699C /* boots.jpg */ = {isa = PBXFileReference; lastKnownFileType = image.jpeg; path = boots.jpg; sourceTree = "<group>"; };
		FB31F0851D77D17F0032699C /* skier.jpg */ = {isa = PBXFileReference; lastKnownFileType = image.jpeg; path = skier.jpg; sourceTree = "<group>"; };
		FB31F0881D77D3080032699C /* SecondViewController.h */ = {isa = PBXFileReference; fileEncoding = 4; lastKnownFileType = sourcecode.c.h; path = SecondViewController.h; sourceTree = "<group>"; };
		FB31F0891D77D3080032699C /* SecondViewController.m */ = {isa = PBXFileReference; fileEncoding = 4; lastKnownFileType = sourcecode.c.objc; path = SecondViewController.m; sourceTree = "<group>"; };
		FB43EDDD1D9E39BE00378798 /* ViewLayerCombineVC.h */ = {isa = PBXFileReference; fileEncoding = 4; lastKnownFileType = sourcecode.c.h; path = ViewLayerCombineVC.h; sourceTree = "<group>"; };
		FB43EDDE1D9E39BE00378798 /* ViewLayerCombineVC.m */ = {isa = PBXFileReference; fileEncoding = 4; lastKnownFileType = sourcecode.c.objc; path = ViewLayerCombineVC.m; sourceTree = "<group>"; };
		FB43EDE01D9E469200378798 /* stickers_2.png */ = {isa = PBXFileReference; lastKnownFileType = image.png; path = stickers_2.png; sourceTree = "<group>"; };
		FB8727301D7A596C004B9456 /* ChromaKeyFilterVC.h */ = {isa = PBXFileReference; fileEncoding = 4; lastKnownFileType = sourcecode.c.h; name = ChromaKeyFilterVC.h; path = Subclssing/ChromaKeyFilterVC.h; sourceTree = "<group>"; };
		FB8727311D7A596C004B9456 /* ChromaKeyFilterVC.m */ = {isa = PBXFileReference; fileEncoding = 4; lastKnownFileType = sourcecode.c.objc; name = ChromaKeyFilterVC.m; path = Subclssing/ChromaKeyFilterVC.m; sourceTree = "<group>"; };
		FB8727331D7A668C004B9456 /* person@2x.png */ = {isa = PBXFileReference; lastKnownFileType = image.png; path = "person@2x.png"; sourceTree = "<group>"; };
		FB8727351D7A6693004B9456 /* beach@2x.png */ = {isa = PBXFileReference; lastKnownFileType = image.png; path = "beach@2x.png"; sourceTree = "<group>"; };
		FB87275A1D7AA455004B9456 /* ChromaKeyFilter.h */ = {isa = PBXFileReference; fileEncoding = 4; lastKnownFileType = sourcecode.c.h; name = ChromaKeyFilter.h; path = Subclssing/ChromaKeyFilter.h; sourceTree = "<group>"; };
		FB87275B1D7AA455004B9456 /* ChromaKeyFilter.m */ = {isa = PBXFileReference; fileEncoding = 4; lastKnownFileType = sourcecode.c.objc; name = ChromaKeyFilter.m; path = Subclssing/ChromaKeyFilter.m; sourceTree = "<group>"; };
		FB87275F1D7AB85C004B9456 /* WhiteVignetteFaceViewController.h */ = {isa = PBXFileReference; fileEncoding = 4; lastKnownFileType = sourcecode.c.h; name = WhiteVignetteFaceViewController.h; path = Subclssing/WhiteVignetteFaceViewController.h; sourceTree = "<group>"; };
		FB8727601D7AB85C004B9456 /* WhiteVignetteFaceViewController.m */ = {isa = PBXFileReference; fileEncoding = 4; lastKnownFileType = sourcecode.c.objc; name = WhiteVignetteFaceViewController.m; path = Subclssing/WhiteVignetteFaceViewController.m; sourceTree = "<group>"; };
		FB8727641D7AC0E5004B9456 /* IMG_20140503_131215.jpg */ = {isa = PBXFileReference; lastKnownFileType = image.jpeg; path = IMG_20140503_131215.jpg; sourceTree = "<group>"; };
		FB8727661D7AC483004B9456 /* TiltShiftFilterVC.h */ = {isa = PBXFileReference; fileEncoding = 4; lastKnownFileType = sourcecode.c.h; name = TiltShiftFilterVC.h; path = Subclssing/TiltShiftFilterVC.h; sourceTree = "<group>"; };
		FB8727671D7AC483004B9456 /* TiltShiftFilterVC.m */ = {isa = PBXFileReference; fileEncoding = 4; lastKnownFileType = sourcecode.c.objc; name = TiltShiftFilterVC.m; path = Subclssing/TiltShiftFilterVC.m; sourceTree = "<group>"; };
		FB8727691D7AD26A004B9456 /* JPTiltShift.h */ = {isa = PBXFileReference; fileEncoding = 4; lastKnownFileType = sourcecode.c.h; path = JPTiltShift.h; sourceTree = "<group>"; };
		FB87276A1D7AD26A004B9456 /* JPTiltShift.m */ = {isa = PBXFileReference; fileEncoding = 4; lastKnownFileType = sourcecode.c.objc; path = JPTiltShift.m; sourceTree = "<group>"; };
		FB87276C1D7AD52C004B9456 /* AnonymousFaceFilterVC.h */ = {isa = PBXFileReference; fileEncoding = 4; lastKnownFileType = sourcecode.c.h; name = AnonymousFaceFilterVC.h; path = Subclssing/AnonymousFaceFilterVC.h; sourceTree = "<group>"; };
		FB87276D1D7AD52C004B9456 /* AnonymousFaceFilterVC.m */ = {isa = PBXFileReference; fileEncoding = 4; lastKnownFileType = sourcecode.c.objc; name = AnonymousFaceFilterVC.m; path = Subclssing/AnonymousFaceFilterVC.m; sourceTree = "<group>"; };
		FB9B1E581DA8D41500CA477F /* CTMViewController.h */ = {isa = PBXFileReference; fileEncoding = 4; lastKnownFileType = sourcecode.c.h; name = CTMViewController.h; path = CTm/CTMViewController.h; sourceTree = "<group>"; };
		FB9B1E591DA8D41500CA477F /* CTMViewController.m */ = {isa = PBXFileReference; fileEncoding = 4; lastKnownFileType = sourcecode.c.objc; name = CTMViewController.m; path = CTm/CTMViewController.m; sourceTree = "<group>"; };
		FB9D98401D7D0014008F944A /* PixellateTransitionFilterVC.h */ = {isa = PBXFileReference; fileEncoding = 4; lastKnownFileType = sourcecode.c.h; name = PixellateTransitionFilterVC.h; path = Subclssing/PixellateTransitionFilterVC.h; sourceTree = "<group>"; };
		FB9D98411D7D0014008F944A /* PixellateTransitionFilterVC.m */ = {isa = PBXFileReference; fileEncoding = 4; lastKnownFileType = sourcecode.c.objc; name = PixellateTransitionFilterVC.m; path = Subclssing/PixellateTransitionFilterVC.m; sourceTree = "<group>"; };
		FB9D98441D7D2487008F944A /* MicroPaintVC.h */ = {isa = PBXFileReference; fileEncoding = 4; lastKnownFileType = sourcecode.c.h; name = MicroPaintVC.h; path = MicPaint/MicroPaintVC.h; sourceTree = "<group>"; };
		FB9D98451D7D2487008F944A /* MicroPaintVC.m */ = {isa = PBXFileReference; fileEncoding = 4; lastKnownFileType = sourcecode.c.objc; name = MicroPaintVC.m; path = MicPaint/MicroPaintVC.m; sourceTree = "<group>"; };
		FB9D984F1D7D51CF008F944A /* ZXSlider.h */ = {isa = PBXFileReference; fileEncoding = 4; lastKnownFileType = sourcecode.c.h; path = ZXSlider.h; sourceTree = "<group>"; };
		FB9D98501D7D51CF008F944A /* ZXSlider.m */ = {isa = PBXFileReference; fileEncoding = 4; lastKnownFileType = sourcecode.c.objc; path = ZXSlider.m; sourceTree = "<group>"; };
		FB9D98521D7D578A008F944A /* ZXFilterSlider.h */ = {isa = PBXFileReference; fileEncoding = 4; lastKnownFileType = sourcecode.c.h; path = ZXFilterSlider.h; sourceTree = "<group>"; };
		FB9D98531D7D578A008F944A /* ZXFilterSlider.m */ = {isa = PBXFileReference; fileEncoding = 4; lastKnownFileType = sourcecode.c.objc; path = ZXFilterSlider.m; sourceTree = "<group>"; };
		FB9D985B1D7D6BDD008F944A /* CICategoryColorAdjustmentBaseVC.h */ = {isa = PBXFileReference; fileEncoding = 4; lastKnownFileType = sourcecode.c.h; name = CICategoryColorAdjustmentBaseVC.h; path = ColorAdjustment/CICategoryColorAdjustmentBaseVC.h; sourceTree = "<group>"; };
		FB9D985C1D7D6BDD008F944A /* CICategoryColorAdjustmentBaseVC.m */ = {isa = PBXFileReference; fileEncoding = 4; lastKnownFileType = sourcecode.c.objc; name = CICategoryColorAdjustmentBaseVC.m; path = ColorAdjustment/CICategoryColorAdjustmentBaseVC.m; sourceTree = "<group>"; };
		FB9D985E1D7D6CE8008F944A /* CICategoryColorAdjusmentVC.h */ = {isa = PBXFileReference; fileEncoding = 4; lastKnownFileType = sourcecode.c.h; name = CICategoryColorAdjusmentVC.h; path = ColorAdjustment/CICategoryColorAdjusmentVC.h; sourceTree = "<group>"; };
		FB9D985F1D7D6CE8008F944A /* CICategoryColorAdjusmentVC.m */ = {isa = PBXFileReference; fileEncoding = 4; lastKnownFileType = sourcecode.c.objc; name = CICategoryColorAdjusmentVC.m; path = ColorAdjustment/CICategoryColorAdjusmentVC.m; sourceTree = "<group>"; };
		FBA54B041D790A6400175396 /* ThirdTableViewController.h */ = {isa = PBXFileReference; fileEncoding = 4; lastKnownFileType = sourcecode.c.h; path = ThirdTableViewController.h; sourceTree = "<group>"; };
		FBA54B051D790A6400175396 /* ThirdTableViewController.m */ = {isa = PBXFileReference; fileEncoding = 4; lastKnownFileType = sourcecode.c.objc; path = ThirdTableViewController.m; sourceTree = "<group>"; };
		FBA54B071D790B6A00175396 /* FaceDetectViewController.h */ = {isa = PBXFileReference; fileEncoding = 4; lastKnownFileType = sourcecode.c.h; path = FaceDetectViewController.h; sourceTree = "<group>"; };
		FBA54B081D790B6A00175396 /* FaceDetectViewController.m */ = {isa = PBXFileReference; fileEncoding = 4; lastKnownFileType = sourcecode.c.objc; path = FaceDetectViewController.m; sourceTree = "<group>"; };
		FBA54B0A1D790BAD00175396 /* Faces.jpg */ = {isa = PBXFileReference; lastKnownFileType = image.jpeg; path = Faces.jpg; sourceTree = "<group>"; };
		FBA54B0D1D7913BC00175396 /* CIFaceFeature+Extension.h */ = {isa = PBXFileReference; fileEncoding = 4; lastKnownFileType = sourcecode.c.h; path = "CIFaceFeature+Extension.h"; sourceTree = "<group>"; };
		FBA54B0E1D7913BC00175396 /* CIFaceFeature+Extension.m */ = {isa = PBXFileReference; fileEncoding = 4; lastKnownFileType = sourcecode.c.objc; path = "CIFaceFeature+Extension.m"; sourceTree = "<group>"; };
		FBA54B101D793FF000175396 /* AutoEnchanceViewController.h */ = {isa = PBXFileReference; fileEncoding = 4; lastKnownFileType = sourcecode.c.h; path = AutoEnchanceViewController.h; sourceTree = "<group>"; };
		FBA54B111D793FF000175396 /* AutoEnchanceViewController.m */ = {isa = PBXFileReference; fileEncoding = 4; lastKnownFileType = sourcecode.c.objc; path = AutoEnchanceViewController.m; sourceTree = "<group>"; };
		FBA54B161D79566D00175396 /* UIImage+Extension.h */ = {isa = PBXFileReference; fileEncoding = 4; lastKnownFileType = sourcecode.c.h; path = "UIImage+Extension.h"; sourceTree = "<group>"; };
		FBA54B171D79566D00175396 /* UIImage+Extension.m */ = {isa = PBXFileReference; fileEncoding = 4; lastKnownFileType = sourcecode.c.objc; path = "UIImage+Extension.m"; sourceTree = "<group>"; };
		FBA54B1A1D79695300175396 /* CIColorInvertViewController.h */ = {isa = PBXFileReference; fileEncoding = 4; lastKnownFileType = sourcecode.c.h; path = CIColorInvertViewController.h; sourceTree = "<group>"; };
		FBA54B1B1D79695300175396 /* CIColorInvertViewController.m */ = {isa = PBXFileReference; fileEncoding = 4; lastKnownFileType = sourcecode.c.objc; path = CIColorInvertViewController.m; sourceTree = "<group>"; };
		FBC264A71D98E8310062872D /* OverlayViewController.h */ = {isa = PBXFileReference; fileEncoding = 4; lastKnownFileType = sourcecode.c.h; name = OverlayViewController.h; path = overLay/OverlayViewController.h; sourceTree = "<group>"; };
		FBC264A81D98E8310062872D /* OverlayViewController.m */ = {isa = PBXFileReference; fileEncoding = 4; lastKnownFileType = sourcecode.c.objc; name = OverlayViewController.m; path = overLay/OverlayViewController.m; sourceTree = "<group>"; };
		FBC264AA1D98E9890062872D /* overlay_bg.jpg */ = {isa = PBXFileReference; lastKnownFileType = image.jpeg; name = overlay_bg.jpg; path = overLay/overlay_bg.jpg; sourceTree = "<group>"; };
		FBC264AD1D98EAC20062872D /* overlay_fg.png */ = {isa = PBXFileReference; lastKnownFileType = image.png; name = overlay_fg.png; path = overLay/overlay_fg.png; sourceTree = "<group>"; };
		FBC264AF1D98EB340062872D /* OverLayDetailViewController.h */ = {isa = PBXFileReference; fileEncoding = 4; lastKnownFileType = sourcecode.c.h; name = OverLayDetailViewController.h; path = overLay/OverLayDetailViewController.h; sourceTree = "<group>"; };
		FBC264B01D98EB340062872D /* OverLayDetailViewController.m */ = {isa = PBXFileReference; fileEncoding = 4; lastKnownFileType = sourcecode.c.objc; name = OverLayDetailViewController.m; path = overLay/OverLayDetailViewController.m; sourceTree = "<group>"; };
		FBC264B21D98F7510062872D /* filter.md */ = {isa = PBXFileReference; fileEncoding = 4; lastKnownFileType = net.daringfireball.markdown; name = filter.md; path = overLay/filter.md; sourceTree = "<group>"; };
/* End PBXFileReference section */

/* Begin PBXFrameworksBuildPhase section */
		FB31F0651D77B3F20032699C /* Frameworks */ = {
			isa = PBXFrameworksBuildPhase;
			buildActionMask = 2147483647;
			files = (
				65C17A5C1D5BC95DC8DB675A /* libPods-CoreImageDemo01.a in Frameworks */,
			);
			runOnlyForDeploymentPostprocessing = 0;
		};
/* End PBXFrameworksBuildPhase section */

/* Begin PBXGroup section */
		35F2EC0B433353083A30E3B6 /* Frameworks */ = {
			isa = PBXGroup;
			children = (
				C397E5C6C3A7E2922EA54984 /* libPods-CoreImageDemo01.a */,
			);
			name = Frameworks;
			sourceTree = "<group>";
		};
		7EB0E875EF494A39897B1336 /* Pods */ = {
			isa = PBXGroup;
			children = (
				7BBD0BE4A3CAD54DA3625C89 /* Pods-CoreImageDemo01.debug.xcconfig */,
				3E250FA2B461BABE9A2013DA /* Pods-CoreImageDemo01.release.xcconfig */,
			);
			name = Pods;
			sourceTree = "<group>";
		};
		FB31F05F1D77B3F20032699C = {
			isa = PBXGroup;
			children = (
				FB31F06A1D77B3F20032699C /* CoreImageDemo01 */,
				FB31F0691D77B3F20032699C /* Products */,
				7EB0E875EF494A39897B1336 /* Pods */,
				35F2EC0B433353083A30E3B6 /* Frameworks */,
			);
			sourceTree = "<group>";
		};
		FB31F0691D77B3F20032699C /* Products */ = {
			isa = PBXGroup;
			children = (
				FB31F0681D77B3F20032699C /* CoreImageDemo01.app */,
			);
			name = Products;
			sourceTree = "<group>";
		};
		FB31F06A1D77B3F20032699C /* CoreImageDemo01 */ = {
			isa = PBXGroup;
			children = (
				FB31F0841D77D17F0032699C /* boots.jpg */,
				FB31F0851D77D17F0032699C /* skier.jpg */,
				FB31F0821D77B4F80032699C /* no_filter_2x.png */,
				FB31F06E1D77B3F20032699C /* AppDelegate.h */,
				FB31F06F1D77B3F20032699C /* AppDelegate.m */,
				FB31F0711D77B3F20032699C /* ViewController.h */,
				FB31F0721D77B3F20032699C /* ViewController.m */,
				FB31F0881D77D3080032699C /* SecondViewController.h */,
				FB31F0891D77D3080032699C /* SecondViewController.m */,
				FBA54B041D790A6400175396 /* ThirdTableViewController.h */,
				FBA54B051D790A6400175396 /* ThirdTableViewController.m */,
				FBA54B101D793FF000175396 /* AutoEnchanceViewController.h */,
				FBA54B111D793FF000175396 /* AutoEnchanceViewController.m */,
				FBA54B161D79566D00175396 /* UIImage+Extension.h */,
				FBA54B171D79566D00175396 /* UIImage+Extension.m */,
				FB9D984F1D7D51CF008F944A /* ZXSlider.h */,
				FB9D98501D7D51CF008F944A /* ZXSlider.m */,
				FB9D98521D7D578A008F944A /* ZXFilterSlider.h */,
				FB9D98531D7D578A008F944A /* ZXFilterSlider.m */,
				FBA54B0C1D790BB300175396 /* FaceDector */,
				FBA54B191D79693600175396 /* subclass */,
				FB9D98431D7D2464008F944A /* MicPaint */,
				FB9D984E1D7D4B5D008F944A /* ColorAdjustment */,
				FBC264A61D98E7E00062872D /* overLay */,
				FB43EDD91D9E396D00378798 /* ViewLayerCombine */,
				FB9B1E571DA8D3FD00CA477F /* CTM */,
				FB31F0741D77B3F20032699C /* Main.storyboard */,
				FB31F0771D77B3F20032699C /* Assets.xcassets */,
				FB31F0791D77B3F20032699C /* LaunchScreen.storyboard */,
				FB31F07C1D77B3F20032699C /* Info.plist */,
				FB31F06B1D77B3F20032699C /* Supporting Files */,
			);
			path = CoreImageDemo01;
			sourceTree = "<group>";
		};
		FB31F06B1D77B3F20032699C /* Supporting Files */ = {
			isa = PBXGroup;
			children = (
				FB31F06C1D77B3F20032699C /* main.m */,
			);
			name = "Supporting Files";
			sourceTree = "<group>";
		};
		FB43EDD91D9E396D00378798 /* ViewLayerCombine */ = {
			isa = PBXGroup;
			children = (
				FB43EDE01D9E469200378798 /* stickers_2.png */,
				FB43EDDD1D9E39BE00378798 /* ViewLayerCombineVC.h */,
				FB43EDDE1D9E39BE00378798 /* ViewLayerCombineVC.m */,
			);
			name = ViewLayerCombine;
			path = ViewLayerCombineVC;
			sourceTree = "<group>";
		};
		FB9B1E571DA8D3FD00CA477F /* CTM */ = {
			isa = PBXGroup;
			children = (
				FB9B1E581DA8D41500CA477F /* CTMViewController.h */,
				FB9B1E591DA8D41500CA477F /* CTMViewController.m */,
			);
			name = CTM;
			path = ViewLayerCombineVC;
			sourceTree = "<group>";
		};
		FB9D98431D7D2464008F944A /* MicPaint */ = {
			isa = PBXGroup;
			children = (
				FB9D98441D7D2487008F944A /* MicroPaintVC.h */,
				FB9D98451D7D2487008F944A /* MicroPaintVC.m */,
			);
			name = MicPaint;
			sourceTree = "<group>";
		};
		FB9D984E1D7D4B5D008F944A /* ColorAdjustment */ = {
			isa = PBXGroup;
			children = (
				FB9D985B1D7D6BDD008F944A /* CICategoryColorAdjustmentBaseVC.h */,
				FB9D985C1D7D6BDD008F944A /* CICategoryColorAdjustmentBaseVC.m */,
				FB9D985E1D7D6CE8008F944A /* CICategoryColorAdjusmentVC.h */,
				FB9D985F1D7D6CE8008F944A /* CICategoryColorAdjusmentVC.m */,
			);
			name = ColorAdjustment;
			sourceTree = "<group>";
		};
		FBA54B0C1D790BB300175396 /* FaceDector */ = {
			isa = PBXGroup;
			children = (
				FBA54B071D790B6A00175396 /* FaceDetectViewController.h */,
				FBA54B081D790B6A00175396 /* FaceDetectViewController.m */,
				FBA54B0D1D7913BC00175396 /* CIFaceFeature+Extension.h */,
				FBA54B0E1D7913BC00175396 /* CIFaceFeature+Extension.m */,
				FBA54B0A1D790BAD00175396 /* Faces.jpg */,
			);
			name = FaceDector;
			sourceTree = "<group>";
		};
		FBA54B191D79693600175396 /* subclass */ = {
			isa = PBXGroup;
			children = (
				FBA54B1A1D79695300175396 /* CIColorInvertViewController.h */,
				FBA54B1B1D79695300175396 /* CIColorInvertViewController.m */,
				FB8727301D7A596C004B9456 /* ChromaKeyFilterVC.h */,
				FB8727311D7A596C004B9456 /* ChromaKeyFilterVC.m */,
				FB87275A1D7AA455004B9456 /* ChromaKeyFilter.h */,
				FB87275B1D7AA455004B9456 /* ChromaKeyFilter.m */,
				FB87275F1D7AB85C004B9456 /* WhiteVignetteFaceViewController.h */,
				FB8727601D7AB85C004B9456 /* WhiteVignetteFaceViewController.m */,
				FB8727661D7AC483004B9456 /* TiltShiftFilterVC.h */,
				FB8727671D7AC483004B9456 /* TiltShiftFilterVC.m */,
				FB8727691D7AD26A004B9456 /* JPTiltShift.h */,
				FB87276A1D7AD26A004B9456 /* JPTiltShift.m */,
				FB87276C1D7AD52C004B9456 /* AnonymousFaceFilterVC.h */,
				FB87276D1D7AD52C004B9456 /* AnonymousFaceFilterVC.m */,
				FB9D98401D7D0014008F944A /* PixellateTransitionFilterVC.h */,
				FB9D98411D7D0014008F944A /* PixellateTransitionFilterVC.m */,
				FB8727641D7AC0E5004B9456 /* IMG_20140503_131215.jpg */,
				FB8727351D7A6693004B9456 /* beach@2x.png */,
				FB8727331D7A668C004B9456 /* person@2x.png */,
			);
			name = subclass;
			sourceTree = "<group>";
		};
		FBC264A61D98E7E00062872D /* overLay */ = {
			isa = PBXGroup;
			children = (
				FBC264AC1D98E98C0062872D /* images */,
				FBC264A71D98E8310062872D /* OverlayViewController.h */,
				FBC264A81D98E8310062872D /* OverlayViewController.m */,
				FBC264AF1D98EB340062872D /* OverLayDetailViewController.h */,
				FBC264B01D98EB340062872D /* OverLayDetailViewController.m */,
				FBC264B21D98F7510062872D /* filter.md */,
			);
			name = overLay;
			sourceTree = "<group>";
		};
		FBC264AC1D98E98C0062872D /* images */ = {
			isa = PBXGroup;
			children = (
				FBC264AD1D98EAC20062872D /* overlay_fg.png */,
				FBC264AA1D98E9890062872D /* overlay_bg.jpg */,
			);
			name = images;
			sourceTree = "<group>";
		};
/* End PBXGroup section */

/* Begin PBXNativeTarget section */
		FB31F0671D77B3F20032699C /* CoreImageDemo01 */ = {
			isa = PBXNativeTarget;
			buildConfigurationList = FB31F07F1D77B3F20032699C /* Build configuration list for PBXNativeTarget "CoreImageDemo01" */;
			buildPhases = (
				727AD8C9A074BDCDDD79B2EF /* [CP] Check Pods Manifest.lock */,
				FB31F0641D77B3F20032699C /* Sources */,
				FB31F0651D77B3F20032699C /* Frameworks */,
				FB31F0661D77B3F20032699C /* Resources */,
				A9B1276E8EB28FE53210732A /* [CP] Embed Pods Frameworks */,
				C32C17645C36B6C9F8F92C60 /* [CP] Copy Pods Resources */,
			);
			buildRules = (
			);
			dependencies = (
			);
			name = CoreImageDemo01;
			productName = CoreImageDemo01;
			productReference = FB31F0681D77B3F20032699C /* CoreImageDemo01.app */;
			productType = "com.apple.product-type.application";
		};
/* End PBXNativeTarget section */

/* Begin PBXProject section */
		FB31F0601D77B3F20032699C /* Project object */ = {
			isa = PBXProject;
			attributes = {
				LastUpgradeCheck = 0730;
				ORGANIZATIONNAME = z2xy;
				TargetAttributes = {
					FB31F0671D77B3F20032699C = {
						CreatedOnToolsVersion = 7.3.1;
						DevelopmentTeam = HMPLSA9ZYN;
						ProvisioningStyle = Manual;
					};
				};
			};
			buildConfigurationList = FB31F0631D77B3F20032699C /* Build configuration list for PBXProject "CoreImageDemo01" */;
			compatibilityVersion = "Xcode 3.2";
			developmentRegion = English;
			hasScannedForEncodings = 0;
			knownRegions = (
				en,
				Base,
			);
			mainGroup = FB31F05F1D77B3F20032699C;
			productRefGroup = FB31F0691D77B3F20032699C /* Products */;
			projectDirPath = "";
			projectRoot = "";
			targets = (
				FB31F0671D77B3F20032699C /* CoreImageDemo01 */,
			);
		};
/* End PBXProject section */

/* Begin PBXResourcesBuildPhase section */
		FB31F0661D77B3F20032699C /* Resources */ = {
			isa = PBXResourcesBuildPhase;
			buildActionMask = 2147483647;
			files = (
				FB43EDE11D9E469200378798 /* stickers_2.png in Resources */,
				FB8727361D7A6693004B9456 /* beach@2x.png in Resources */,
				FB31F07B1D77B3F20032699C /* LaunchScreen.storyboard in Resources */,
				FBC264AB1D98E9890062872D /* overlay_bg.jpg in Resources */,
				FBC264AE1D98EAC20062872D /* overlay_fg.png in Resources */,
				FB31F0781D77B3F20032699C /* Assets.xcassets in Resources */,
				FB8727651D7AC0E5004B9456 /* IMG_20140503_131215.jpg in Resources */,
				FB31F0831D77B4F80032699C /* no_filter_2x.png in Resources */,
				FB31F0861D77D17F0032699C /* boots.jpg in Resources */,
				FB8727341D7A668C004B9456 /* person@2x.png in Resources */,
				FBA54B0B1D790BAD00175396 /* Faces.jpg in Resources */,
				FB31F0871D77D17F0032699C /* skier.jpg in Resources */,
				FB31F0761D77B3F20032699C /* Main.storyboard in Resources */,
			);
			runOnlyForDeploymentPostprocessing = 0;
		};
/* End PBXResourcesBuildPhase section */

/* Begin PBXShellScriptBuildPhase section */
		727AD8C9A074BDCDDD79B2EF /* [CP] Check Pods Manifest.lock */ = {
			isa = PBXShellScriptBuildPhase;
			buildActionMask = 2147483647;
			files = (
			);
			inputPaths = (
			);
			name = "[CP] Check Pods Manifest.lock";
			outputPaths = (
			);
			runOnlyForDeploymentPostprocessing = 0;
			shellPath = /bin/sh;
			shellScript = "diff \"${PODS_ROOT}/../Podfile.lock\" \"${PODS_ROOT}/Manifest.lock\" > /dev/null\nif [ $? != 0 ] ; then\n    # print error to STDERR\n    echo \"error: The sandbox is not in sync with the Podfile.lock. Run 'pod install' or update your CocoaPods installation.\" >&2\n    exit 1\nfi\n";
			showEnvVarsInLog = 0;
		};
		A9B1276E8EB28FE53210732A /* [CP] Embed Pods Frameworks */ = {
			isa = PBXShellScriptBuildPhase;
			buildActionMask = 2147483647;
			files = (
			);
			inputPaths = (
			);
			name = "[CP] Embed Pods Frameworks";
			outputPaths = (
			);
			runOnlyForDeploymentPostprocessing = 0;
			shellPath = /bin/sh;
			shellScript = "\"${SRCROOT}/Pods/Target Support Files/Pods-CoreImageDemo01/Pods-CoreImageDemo01-frameworks.sh\"\n";
			showEnvVarsInLog = 0;
		};
		C32C17645C36B6C9F8F92C60 /* [CP] Copy Pods Resources */ = {
			isa = PBXShellScriptBuildPhase;
			buildActionMask = 2147483647;
			files = (
			);
			inputPaths = (
			);
			name = "[CP] Copy Pods Resources";
			outputPaths = (
			);
			runOnlyForDeploymentPostprocessing = 0;
			shellPath = /bin/sh;
			shellScript = "\"${SRCROOT}/Pods/Target Support Files/Pods-CoreImageDemo01/Pods-CoreImageDemo01-resources.sh\"\n";
			showEnvVarsInLog = 0;
		};
/* End PBXShellScriptBuildPhase section */

/* Begin PBXSourcesBuildPhase section */
		FB31F0641D77B3F20032699C /* Sources */ = {
			isa = PBXSourcesBuildPhase;
			buildActionMask = 2147483647;
			files = (
				FBA54B1C1D79695300175396 /* CIColorInvertViewController.m in Sources */,
				FB87275C1D7AA455004B9456 /* ChromaKeyFilter.m in Sources */,
				FB43EDDF1D9E39BE00378798 /* ViewLayerCombineVC.m in Sources */,
				FB8727321D7A596C004B9456 /* ChromaKeyFilterVC.m in Sources */,
				FB31F08A1D77D3080032699C /* SecondViewController.m in Sources */,
				FBC264B31D98F7510062872D /* filter.md in Sources */,
				FB9D98601D7D6CE8008F944A /* CICategoryColorAdjusmentVC.m in Sources */,
				FB31F0731D77B3F20032699C /* ViewController.m in Sources */,
				FBA54B061D790A6400175396 /* ThirdTableViewController.m in Sources */,
				FBC264A91D98E8310062872D /* OverlayViewController.m in Sources */,
				FB31F0701D77B3F20032699C /* AppDelegate.m in Sources */,
				FBA54B121D793FF000175396 /* AutoEnchanceViewController.m in Sources */,
				FBA54B091D790B6A00175396 /* FaceDetectViewController.m in Sources */,
				FB87276E1D7AD52C004B9456 /* AnonymousFaceFilterVC.m in Sources */,
				FBC264B11D98EB340062872D /* OverLayDetailViewController.m in Sources */,
				FB9D98511D7D51CF008F944A /* ZXSlider.m in Sources */,
				FB87276B1D7AD26A004B9456 /* JPTiltShift.m in Sources */,
				FBA54B181D79566D00175396 /* UIImage+Extension.m in Sources */,
				FB9B1E5A1DA8D41500CA477F /* CTMViewController.m in Sources */,
				FB9D98461D7D2487008F944A /* MicroPaintVC.m in Sources */,
				FB8727681D7AC483004B9456 /* TiltShiftFilterVC.m in Sources */,
				FB8727611D7AB85C004B9456 /* WhiteVignetteFaceViewController.m in Sources */,
				FB9D985D1D7D6BDD008F944A /* CICategoryColorAdjustmentBaseVC.m in Sources */,
				FBA54B0F1D7913BC00175396 /* CIFaceFeature+Extension.m in Sources */,
				FB31F06D1D77B3F20032699C /* main.m in Sources */,
				FB9D98421D7D0014008F944A /* PixellateTransitionFilterVC.m in Sources */,
				FB9D98541D7D578A008F944A /* ZXFilterSlider.m in Sources */,
			);
			runOnlyForDeploymentPostprocessing = 0;
		};
/* End PBXSourcesBuildPhase section */

/* Begin PBXVariantGroup section */
		FB31F0741D77B3F20032699C /* Main.storyboard */ = {
			isa = PBXVariantGroup;
			children = (
				FB31F0751D77B3F20032699C /* Base */,
			);
			name = Main.storyboard;
			sourceTree = "<group>";
		};
		FB31F0791D77B3F20032699C /* LaunchScreen.storyboard */ = {
			isa = PBXVariantGroup;
			children = (
				FB31F07A1D77B3F20032699C /* Base */,
			);
			name = LaunchScreen.storyboard;
			sourceTree = "<group>";
		};
/* End PBXVariantGroup section */

/* Begin XCBuildConfiguration section */
		FB31F07D1D77B3F20032699C /* Debug */ = {
			isa = XCBuildConfiguration;
			buildSettings = {
				ALWAYS_SEARCH_USER_PATHS = NO;
				CLANG_ANALYZER_NONNULL = YES;
				CLANG_CXX_LANGUAGE_STANDARD = "gnu++0x";
				CLANG_CXX_LIBRARY = "libc++";
				CLANG_ENABLE_MODULES = YES;
				CLANG_ENABLE_OBJC_ARC = YES;
				CLANG_WARN_BOOL_CONVERSION = YES;
				CLANG_WARN_CONSTANT_CONVERSION = YES;
				CLANG_WARN_DIRECT_OBJC_ISA_USAGE = YES_ERROR;
				CLANG_WARN_EMPTY_BODY = YES;
				CLANG_WARN_ENUM_CONVERSION = YES;
				CLANG_WARN_INT_CONVERSION = YES;
				CLANG_WARN_OBJC_ROOT_CLASS = YES_ERROR;
				CLANG_WARN_UNREACHABLE_CODE = YES;
				CLANG_WARN__DUPLICATE_METHOD_MATCH = YES;
				"CODE_SIGN_IDENTITY[sdk=iphoneos*]" = "iPhone Developer";
				COPY_PHASE_STRIP = NO;
				DEBUG_INFORMATION_FORMAT = dwarf;
				ENABLE_STRICT_OBJC_MSGSEND = YES;
				ENABLE_TESTABILITY = YES;
				GCC_C_LANGUAGE_STANDARD = gnu99;
				GCC_DYNAMIC_NO_PIC = NO;
				GCC_NO_COMMON_BLOCKS = YES;
				GCC_OPTIMIZATION_LEVEL = 0;
				GCC_PREPROCESSOR_DEFINITIONS = (
					"DEBUG=1",
					"$(inherited)",
				);
				GCC_WARN_64_TO_32_BIT_CONVERSION = YES;
				GCC_WARN_ABOUT_RETURN_TYPE = YES_ERROR;
				GCC_WARN_UNDECLARED_SELECTOR = YES;
				GCC_WARN_UNINITIALIZED_AUTOS = YES_AGGRESSIVE;
				GCC_WARN_UNUSED_FUNCTION = YES;
				GCC_WARN_UNUSED_VARIABLE = YES;
				IPHONEOS_DEPLOYMENT_TARGET = 9.3;
				MTL_ENABLE_DEBUG_INFO = YES;
				ONLY_ACTIVE_ARCH = YES;
				SDKROOT = iphoneos;
				TARGETED_DEVICE_FAMILY = "1,2";
			};
			name = Debug;
		};
		FB31F07E1D77B3F20032699C /* Release */ = {
			isa = XCBuildConfiguration;
			buildSettings = {
				ALWAYS_SEARCH_USER_PATHS = NO;
				CLANG_ANALYZER_NONNULL = YES;
				CLANG_CXX_LANGUAGE_STANDARD = "gnu++0x";
				CLANG_CXX_LIBRARY = "libc++";
				CLANG_ENABLE_MODULES = YES;
				CLANG_ENABLE_OBJC_ARC = YES;
				CLANG_WARN_BOOL_CONVERSION = YES;
				CLANG_WARN_CONSTANT_CONVERSION = YES;
				CLANG_WARN_DIRECT_OBJC_ISA_USAGE = YES_ERROR;
				CLANG_WARN_EMPTY_BODY = YES;
				CLANG_WARN_ENUM_CONVERSION = YES;
				CLANG_WARN_INT_CONVERSION = YES;
				CLANG_WARN_OBJC_ROOT_CLASS = YES_ERROR;
				CLANG_WARN_UNREACHABLE_CODE = YES;
				CLANG_WARN__DUPLICATE_METHOD_MATCH = YES;
				"CODE_SIGN_IDENTITY[sdk=iphoneos*]" = "iPhone Developer";
				COPY_PHASE_STRIP = NO;
				DEBUG_INFORMATION_FORMAT = "dwarf-with-dsym";
				ENABLE_NS_ASSERTIONS = NO;
				ENABLE_STRICT_OBJC_MSGSEND = YES;
				GCC_C_LANGUAGE_STANDARD = gnu99;
				GCC_NO_COMMON_BLOCKS = YES;
				GCC_WARN_64_TO_32_BIT_CONVERSION = YES;
				GCC_WARN_ABOUT_RETURN_TYPE = YES_ERROR;
				GCC_WARN_UNDECLARED_SELECTOR = YES;
				GCC_WARN_UNINITIALIZED_AUTOS = YES_AGGRESSIVE;
				GCC_WARN_UNUSED_FUNCTION = YES;
				GCC_WARN_UNUSED_VARIABLE = YES;
				IPHONEOS_DEPLOYMENT_TARGET = 9.3;
				MTL_ENABLE_DEBUG_INFO = NO;
				SDKROOT = iphoneos;
				TARGETED_DEVICE_FAMILY = "1,2";
				VALIDATE_PRODUCT = YES;
			};
			name = Release;
		};
		FB31F0801D77B3F20032699C /* Debug */ = {
			isa = XCBuildConfiguration;
			baseConfigurationReference = 7BBD0BE4A3CAD54DA3625C89 /* Pods-CoreImageDemo01.debug.xcconfig */;
			buildSettings = {
				ASSETCATALOG_COMPILER_APPICON_NAME = AppIcon;
				"CODE_SIGN_IDENTITY[sdk=iphoneos*]" = "iPhone Developer";
				DEVELOPMENT_TEAM = HMPLSA9ZYN;
				INFOPLIST_FILE = CoreImageDemo01/Info.plist;
				IPHONEOS_DEPLOYMENT_TARGET = 7.1;
				LD_RUNPATH_SEARCH_PATHS = "$(inherited) @executable_path/Frameworks";
				PRODUCT_BUNDLE_IDENTIFIER = com.z2xy.CoreImageDemo01;
				PRODUCT_NAME = "$(TARGET_NAME)";
				PROVISIONING_PROFILE = "0075d1bb-6da2-4f3c-937a-6868ac048ce3";
				PROVISIONING_PROFILE_SPECIFIER = 20170724_2;
			};
			name = Debug;
		};
		FB31F0811D77B3F20032699C /* Release */ = {
			isa = XCBuildConfiguration;
			baseConfigurationReference = 3E250FA2B461BABE9A2013DA /* Pods-CoreImageDemo01.release.xcconfig */;
			buildSettings = {
				ASSETCATALOG_COMPILER_APPICON_NAME = AppIcon;
				"CODE_SIGN_IDENTITY[sdk=iphoneos*]" = "iPhone Developer";
				DEVELOPMENT_TEAM = HMPLSA9ZYN;
				INFOPLIST_FILE = CoreImageDemo01/Info.plist;
				IPHONEOS_DEPLOYMENT_TARGET = 7.1;
				LD_RUNPATH_SEARCH_PATHS = "$(inherited) @executable_path/Frameworks";
				PRODUCT_BUNDLE_IDENTIFIER = com.z2xy.CoreImageDemo01;
				PRODUCT_NAME = "$(TARGET_NAME)";
				PROVISIONING_PROFILE = "0075d1bb-6da2-4f3c-937a-6868ac048ce3";
				PROVISIONING_PROFILE_SPECIFIER = 20170724_2;
			};
			name = Release;
		};
/* End XCBuildConfiguration section */

/* Begin XCConfigurationList section */
		FB31F0631D77B3F20032699C /* Build configuration list for PBXProject "CoreImageDemo01" */ = {
			isa = XCConfigurationList;
			buildConfigurations = (
				FB31F07D1D77B3F20032699C /* Debug */,
				FB31F07E1D77B3F20032699C /* Release */,
			);
			defaultConfigurationIsVisible = 0;
			defaultConfigurationName = Release;
		};
		FB31F07F1D77B3F20032699C /* Build configuration list for PBXNativeTarget "CoreImageDemo01" */ = {
			isa = XCConfigurationList;
			buildConfigurations = (
				FB31F0801D77B3F20032699C /* Debug */,
				FB31F0811D77B3F20032699C /* Release */,
			);
			defaultConfigurationIsVisible = 0;
			defaultConfigurationName = Release;
		};
/* End XCConfigurationList section */
	};
	rootObject = FB31F0601D77B3F20032699C /* Project object */;
}
