// !$*UTF8*$!
{
	archiveVersion = 1;
	classes = {
	};
	objectVersion = 46;
	objects = {

/* Begin PBXBuildFile section */
		FB31F06D1D77B3F20032699C /* main.m in Sources */ = {isa = PBXBuildFile; fileRef = FB31F06C1D77B3F20032699C /* main.m */; };
		FB31F0701D77B3F20032699C /* AppDelegate.m in Sources */ = {isa = PBXBuildFile; fileRef = FB31F06F1D77B3F20032699C /* AppDelegate.m */; };
		FB31F0731D77B3F20032699C /* ViewController.m in Sources */ = {isa = PBXBuildFile; fileRef = FB31F0721D77B3F20032699C /* ViewController.m */; };
		FB31F0761D77B3F20032699C /* Main.storyboard in Resources */ = {isa = PBXBuildFile; fileRef = FB31F0741D77B3F20032699C /* Main.storyboard */; };
		FB31F0781D77B3F20032699C /* Assets.xcassets in Resources */ = {isa = PBXBuildFile; fileRef = FB31F0771D77B3F20032699C /* Assets.xcassets */; };
		FB31F07B1D77B3F20032699C /* LaunchScreen.storyboard in Resources */ = {isa = PBXBuildFile; fileRef = FB31F0791D77B3F20032699C /* LaunchScreen.storyboard */; };
		FB31F0831D77B4F80032699C /* no_filter_2x.png in Resources */ = {isa = PBXBuildFile; fileRef = FB31F0821D77B4F80032699C /* no_filter_2x.png */; };
		FB31F0861D77D17F0032699C /* boots.jpg in Resources */ = {isa = PBXBuildFile; fileRef = FB31F0841D77D17F0032699C /* boots.jpg */; };
		FB31F0871D77D17F0032699C /* skier.jpg in Resources */ = {isa = PBXBuildFile; fileRef = FB31F0851D77D17F0032699C /* skier.jpg */; };
		FB31F08A1D77D3080032699C /* SecondViewController.m in Sources */ = {isa = PBXBuildFile; fileRef = FB31F0891D77D3080032699C /* SecondViewController.m */; };
		FBA54B061D790A6400175396 /* ThirdTableViewController.m in Sources */ = {isa = PBXBuildFile; fileRef = FBA54B051D790A6400175396 /* ThirdTableViewController.m */; };
		FBA54B091D790B6A00175396 /* FaceDetectViewController.m in Sources */ = {isa = PBXBuildFile; fileRef = FBA54B081D790B6A00175396 /* FaceDetectViewController.m */; };
		FBA54B0B1D790BAD00175396 /* Faces.jpg in Resources */ = {isa = PBXBuildFile; fileRef = FBA54B0A1D790BAD00175396 /* Faces.jpg */; };
		FBA54B0F1D7913BC00175396 /* CIFaceFeature+Extension.m in Sources */ = {isa = PBXBuildFile; fileRef = FBA54B0E1D7913BC00175396 /* CIFaceFeature+Extension.m */; };
		FBA54B121D793FF000175396 /* AutoEnchanceViewController.m in Sources */ = {isa = PBXBuildFile; fileRef = FBA54B111D793FF000175396 /* AutoEnchanceViewController.m */; };
/* End PBXBuildFile section */

/* Begin PBXFileReference section */
		FB31F0681D77B3F20032699C /* CoreImageDemo01.app */ = {isa = PBXFileReference; explicitFileType = wrapper.application; includeInIndex = 0; path = CoreImageDemo01.app; sourceTree = BUILT_PRODUCTS_DIR; };
		FB31F06C1D77B3F20032699C /* main.m */ = {isa = PBXFileReference; lastKnownFileType = sourcecode.c.objc; path = main.m; sourceTree = "<group>"; };
		FB31F06E1D77B3F20032699C /* AppDelegate.h */ = {isa = PBXFileReference; lastKnownFileType = sourcecode.c.h; path = AppDelegate.h; sourceTree = "<group>"; };
		FB31F06F1D77B3F20032699C /* AppDelegate.m */ = {isa = PBXFileReference; lastKnownFileType = sourcecode.c.objc; path = AppDelegate.m; sourceTree = "<group>"; };
		FB31F0711D77B3F20032699C /* ViewController.h */ = {isa = PBXFileReference; lastKnownFileType = sourcecode.c.h; path = ViewController.h; sourceTree = "<group>"; };
		FB31F0721D77B3F20032699C /* ViewController.m */ = {isa = PBXFileReference; lastKnownFileType = sourcecode.c.objc; path = ViewController.m; sourceTree = "<group>"; };
		FB31F0751D77B3F20032699C /* Base */ = {isa = PBXFileReference; lastKnownFileType = file.storyboard; name = Base; path = Base.lproj/Main.storyboard; sourceTree = "<group>"; };
		FB31F0771D77B3F20032699C /* Assets.xcassets */ = {isa = PBXFileReference; lastKnownFileType = folder.assetcatalog; path = Assets.xcassets; sourceTree = "<group>"; };
		FB31F07A1D77B3F20032699C /* Base */ = {isa = PBXFileReference; lastKnownFileType = file.storyboard; name = Base; path = Base.lproj/LaunchScreen.storyboard; sourceTree = "<group>"; };
		FB31F07C1D77B3F20032699C /* Info.plist */ = {isa = PBXFileReference; lastKnownFileType = text.plist.xml; path = Info.plist; sourceTree = "<group>"; };
		FB31F0821D77B4F80032699C /* no_filter_2x.png */ = {isa = PBXFileReference; lastKnownFileType = image.png; path = no_filter_2x.png; sourceTree = "<group>"; };
		FB31F0841D77D17F0032699C /* boots.jpg */ = {isa = PBXFileReference; lastKnownFileType = image.jpeg; path = boots.jpg; sourceTree = "<group>"; };
		FB31F0851D77D17F0032699C /* skier.jpg */ = {isa = PBXFileReference; lastKnownFileType = image.jpeg; path = skier.jpg; sourceTree = "<group>"; };
		FB31F0881D77D3080032699C /* SecondViewController.h */ = {isa = PBXFileReference; fileEncoding = 4; lastKnownFileType = sourcecode.c.h; path = SecondViewController.h; sourceTree = "<group>"; };
		FB31F0891D77D3080032699C /* SecondViewController.m */ = {isa = PBXFileReference; fileEncoding = 4; lastKnownFileType = sourcecode.c.objc; path = SecondViewController.m; sourceTree = "<group>"; };
		FBA54B041D790A6400175396 /* ThirdTableViewController.h */ = {isa = PBXFileReference; fileEncoding = 4; lastKnownFileType = sourcecode.c.h; path = ThirdTableViewController.h; sourceTree = "<group>"; };
		FBA54B051D790A6400175396 /* ThirdTableViewController.m */ = {isa = PBXFileReference; fileEncoding = 4; lastKnownFileType = sourcecode.c.objc; path = ThirdTableViewController.m; sourceTree = "<group>"; };
		FBA54B071D790B6A00175396 /* FaceDetectViewController.h */ = {isa = PBXFileReference; fileEncoding = 4; lastKnownFileType = sourcecode.c.h; path = FaceDetectViewController.h; sourceTree = "<group>"; };
		FBA54B081D790B6A00175396 /* FaceDetectViewController.m */ = {isa = PBXFileReference; fileEncoding = 4; lastKnownFileType = sourcecode.c.objc; path = FaceDetectViewController.m; sourceTree = "<group>"; };
		FBA54B0A1D790BAD00175396 /* Faces.jpg */ = {isa = PBXFileReference; lastKnownFileType = image.jpeg; path = Faces.jpg; sourceTree = "<group>"; };
		FBA54B0D1D7913BC00175396 /* CIFaceFeature+Extension.h */ = {isa = PBXFileReference; fileEncoding = 4; lastKnownFileType = sourcecode.c.h; path = "CIFaceFeature+Extension.h"; sourceTree = "<group>"; };
		FBA54B0E1D7913BC00175396 /* CIFaceFeature+Extension.m */ = {isa = PBXFileReference; fileEncoding = 4; lastKnownFileType = sourcecode.c.objc; path = "CIFaceFeature+Extension.m"; sourceTree = "<group>"; };
		FBA54B101D793FF000175396 /* AutoEnchanceViewController.h */ = {isa = PBXFileReference; fileEncoding = 4; lastKnownFileType = sourcecode.c.h; path = AutoEnchanceViewController.h; sourceTree = "<group>"; };
		FBA54B111D793FF000175396 /* AutoEnchanceViewController.m */ = {isa = PBXFileReference; fileEncoding = 4; lastKnownFileType = sourcecode.c.objc; path = AutoEnchanceViewController.m; sourceTree = "<group>"; };
/* End PBXFileReference section */

/* Begin PBXFrameworksBuildPhase section */
		FB31F0651D77B3F20032699C /* Frameworks */ = {
			isa = PBXFrameworksBuildPhase;
			buildActionMask = 2147483647;
			files = (
			);
			runOnlyForDeploymentPostprocessing = 0;
		};
/* End PBXFrameworksBuildPhase section */

/* Begin PBXGroup section */
		FB31F05F1D77B3F20032699C = {
			isa = PBXGroup;
			children = (
				FB31F06A1D77B3F20032699C /* CoreImageDemo01 */,
				FB31F0691D77B3F20032699C /* Products */,
			);
			sourceTree = "<group>";
		};
		FB31F0691D77B3F20032699C /* Products */ = {
			isa = PBXGroup;
			children = (
				FB31F0681D77B3F20032699C /* CoreImageDemo01.app */,
			);
			name = Products;
			sourceTree = "<group>";
		};
		FB31F06A1D77B3F20032699C /* CoreImageDemo01 */ = {
			isa = PBXGroup;
			children = (
				FB31F0841D77D17F0032699C /* boots.jpg */,
				FB31F0851D77D17F0032699C /* skier.jpg */,
				FB31F0821D77B4F80032699C /* no_filter_2x.png */,
				FB31F06E1D77B3F20032699C /* AppDelegate.h */,
				FB31F06F1D77B3F20032699C /* AppDelegate.m */,
				FB31F0711D77B3F20032699C /* ViewController.h */,
				FB31F0721D77B3F20032699C /* ViewController.m */,
				FB31F0881D77D3080032699C /* SecondViewController.h */,
				FB31F0891D77D3080032699C /* SecondViewController.m */,
				FBA54B041D790A6400175396 /* ThirdTableViewController.h */,
				FBA54B051D790A6400175396 /* ThirdTableViewController.m */,
				FBA54B101D793FF000175396 /* AutoEnchanceViewController.h */,
				FBA54B111D793FF000175396 /* AutoEnchanceViewController.m */,
				FBA54B0C1D790BB300175396 /* FaceDector */,
				FB31F0741D77B3F20032699C /* Main.storyboard */,
				FB31F0771D77B3F20032699C /* Assets.xcassets */,
				FB31F0791D77B3F20032699C /* LaunchScreen.storyboard */,
				FB31F07C1D77B3F20032699C /* Info.plist */,
				FB31F06B1D77B3F20032699C /* Supporting Files */,
			);
			path = CoreImageDemo01;
			sourceTree = "<group>";
		};
		FB31F06B1D77B3F20032699C /* Supporting Files */ = {
			isa = PBXGroup;
			children = (
				FB31F06C1D77B3F20032699C /* main.m */,
			);
			name = "Supporting Files";
			sourceTree = "<group>";
		};
		FBA54B0C1D790BB300175396 /* FaceDector */ = {
			isa = PBXGroup;
			children = (
				FBA54B071D790B6A00175396 /* FaceDetectViewController.h */,
				FBA54B081D790B6A00175396 /* FaceDetectViewController.m */,
				FBA54B0D1D7913BC00175396 /* CIFaceFeature+Extension.h */,
				FBA54B0E1D7913BC00175396 /* CIFaceFeature+Extension.m */,
				FBA54B0A1D790BAD00175396 /* Faces.jpg */,
			);
			name = FaceDector;
			sourceTree = "<group>";
		};
/* End PBXGroup section */

/* Begin PBXNativeTarget section */
		FB31F0671D77B3F20032699C /* CoreImageDemo01 */ = {
			isa = PBXNativeTarget;
			buildConfigurationList = FB31F07F1D77B3F20032699C /* Build configuration list for PBXNativeTarget "CoreImageDemo01" */;
			buildPhases = (
				FB31F0641D77B3F20032699C /* Sources */,
				FB31F0651D77B3F20032699C /* Frameworks */,
				FB31F0661D77B3F20032699C /* Resources */,
			);
			buildRules = (
			);
			dependencies = (
			);
			name = CoreImageDemo01;
			productName = CoreImageDemo01;
			productReference = FB31F0681D77B3F20032699C /* CoreImageDemo01.app */;
			productType = "com.apple.product-type.application";
		};
/* End PBXNativeTarget section */

/* Begin PBXProject section */
		FB31F0601D77B3F20032699C /* Project object */ = {
			isa = PBXProject;
			attributes = {
				LastUpgradeCheck = 0730;
				ORGANIZATIONNAME = z2xy;
				TargetAttributes = {
					FB31F0671D77B3F20032699C = {
						CreatedOnToolsVersion = 7.3.1;
					};
				};
			};
			buildConfigurationList = FB31F0631D77B3F20032699C /* Build configuration list for PBXProject "CoreImageDemo01" */;
			compatibilityVersion = "Xcode 3.2";
			developmentRegion = English;
			hasScannedForEncodings = 0;
			knownRegions = (
				en,
				Base,
			);
			mainGroup = FB31F05F1D77B3F20032699C;
			productRefGroup = FB31F0691D77B3F20032699C /* Products */;
			projectDirPath = "";
			projectRoot = "";
			targets = (
				FB31F0671D77B3F20032699C /* CoreImageDemo01 */,
			);
		};
/* End PBXProject section */

/* Begin PBXResourcesBuildPhase section */
		FB31F0661D77B3F20032699C /* Resources */ = {
			isa = PBXResourcesBuildPhase;
			buildActionMask = 2147483647;
			files = (
				FB31F07B1D77B3F20032699C /* LaunchScreen.storyboard in Resources */,
				FB31F0781D77B3F20032699C /* Assets.xcassets in Resources */,
				FB31F0831D77B4F80032699C /* no_filter_2x.png in Resources */,
				FB31F0861D77D17F0032699C /* boots.jpg in Resources */,
				FBA54B0B1D790BAD00175396 /* Faces.jpg in Resources */,
				FB31F0871D77D17F0032699C /* skier.jpg in Resources */,
				FB31F0761D77B3F20032699C /* Main.storyboard in Resources */,
			);
			runOnlyForDeploymentPostprocessing = 0;
		};
/* End PBXResourcesBuildPhase section */

/* Begin PBXSourcesBuildPhase section */
		FB31F0641D77B3F20032699C /* Sources */ = {
			isa = PBXSourcesBuildPhase;
			buildActionMask = 2147483647;
			files = (
				FB31F08A1D77D3080032699C /* SecondViewController.m in Sources */,
				FB31F0731D77B3F20032699C /* ViewController.m in Sources */,
				FBA54B061D790A6400175396 /* ThirdTableViewController.m in Sources */,
				FB31F0701D77B3F20032699C /* AppDelegate.m in Sources */,
				FBA54B121D793FF000175396 /* AutoEnchanceViewController.m in Sources */,
				FBA54B091D790B6A00175396 /* FaceDetectViewController.m in Sources */,
				FBA54B0F1D7913BC00175396 /* CIFaceFeature+Extension.m in Sources */,
				FB31F06D1D77B3F20032699C /* main.m in Sources */,
			);
			runOnlyForDeploymentPostprocessing = 0;
		};
/* End PBXSourcesBuildPhase section */

/* Begin PBXVariantGroup section */
		FB31F0741D77B3F20032699C /* Main.storyboard */ = {
			isa = PBXVariantGroup;
			children = (
				FB31F0751D77B3F20032699C /* Base */,
			);
			name = Main.storyboard;
			sourceTree = "<group>";
		};
		FB31F0791D77B3F20032699C /* LaunchScreen.storyboard */ = {
			isa = PBXVariantGroup;
			children = (
				FB31F07A1D77B3F20032699C /* Base */,
			);
			name = LaunchScreen.storyboard;
			sourceTree = "<group>";
		};
/* End PBXVariantGroup section */

/* Begin XCBuildConfiguration section */
		FB31F07D1D77B3F20032699C /* Debug */ = {
			isa = XCBuildConfiguration;
			buildSettings = {
				ALWAYS_SEARCH_USER_PATHS = NO;
				CLANG_ANALYZER_NONNULL = YES;
				CLANG_CXX_LANGUAGE_STANDARD = "gnu++0x";
				CLANG_CXX_LIBRARY = "libc++";
				CLANG_ENABLE_MODULES = YES;
				CLANG_ENABLE_OBJC_ARC = YES;
				CLANG_WARN_BOOL_CONVERSION = YES;
				CLANG_WARN_CONSTANT_CONVERSION = YES;
				CLANG_WARN_DIRECT_OBJC_ISA_USAGE = YES_ERROR;
				CLANG_WARN_EMPTY_BODY = YES;
				CLANG_WARN_ENUM_CONVERSION = YES;
				CLANG_WARN_INT_CONVERSION = YES;
				CLANG_WARN_OBJC_ROOT_CLASS = YES_ERROR;
				CLANG_WARN_UNREACHABLE_CODE = YES;
				CLANG_WARN__DUPLICATE_METHOD_MATCH = YES;
				"CODE_SIGN_IDENTITY[sdk=iphoneos*]" = "iPhone Developer";
				COPY_PHASE_STRIP = NO;
				DEBUG_INFORMATION_FORMAT = dwarf;
				ENABLE_STRICT_OBJC_MSGSEND = YES;
				ENABLE_TESTABILITY = YES;
				GCC_C_LANGUAGE_STANDARD = gnu99;
				GCC_DYNAMIC_NO_PIC = NO;
				GCC_NO_COMMON_BLOCKS = YES;
				GCC_OPTIMIZATION_LEVEL = 0;
				GCC_PREPROCESSOR_DEFINITIONS = (
					"DEBUG=1",
					"$(inherited)",
				);
				GCC_WARN_64_TO_32_BIT_CONVERSION = YES;
				GCC_WARN_ABOUT_RETURN_TYPE = YES_ERROR;
				GCC_WARN_UNDECLARED_SELECTOR = YES;
				GCC_WARN_UNINITIALIZED_AUTOS = YES_AGGRESSIVE;
				GCC_WARN_UNUSED_FUNCTION = YES;
				GCC_WARN_UNUSED_VARIABLE = YES;
				IPHONEOS_DEPLOYMENT_TARGET = 9.3;
				MTL_ENABLE_DEBUG_INFO = YES;
				ONLY_ACTIVE_ARCH = YES;
				SDKROOT = iphoneos;
				TARGETED_DEVICE_FAMILY = "1,2";
			};
			name = Debug;
		};
		FB31F07E1D77B3F20032699C /* Release */ = {
			isa = XCBuildConfiguration;
			buildSettings = {
				ALWAYS_SEARCH_USER_PATHS = NO;
				CLANG_ANALYZER_NONNULL = YES;
				CLANG_CXX_LANGUAGE_STANDARD = "gnu++0x";
				CLANG_CXX_LIBRARY = "libc++";
				CLANG_ENABLE_MODULES = YES;
				CLANG_ENABLE_OBJC_ARC = YES;
				CLANG_WARN_BOOL_CONVERSION = YES;
				CLANG_WARN_CONSTANT_CONVERSION = YES;
				CLANG_WARN_DIRECT_OBJC_ISA_USAGE = YES_ERROR;
				CLANG_WARN_EMPTY_BODY = YES;
				CLANG_WARN_ENUM_CONVERSION = YES;
				CLANG_WARN_INT_CONVERSION = YES;
				CLANG_WARN_OBJC_ROOT_CLASS = YES_ERROR;
				CLANG_WARN_UNREACHABLE_CODE = YES;
				CLANG_WARN__DUPLICATE_METHOD_MATCH = YES;
				"CODE_SIGN_IDENTITY[sdk=iphoneos*]" = "iPhone Developer";
				COPY_PHASE_STRIP = NO;
				DEBUG_INFORMATION_FORMAT = "dwarf-with-dsym";
				ENABLE_NS_ASSERTIONS = NO;
				ENABLE_STRICT_OBJC_MSGSEND = YES;
				GCC_C_LANGUAGE_STANDARD = gnu99;
				GCC_NO_COMMON_BLOCKS = YES;
				GCC_WARN_64_TO_32_BIT_CONVERSION = YES;
				GCC_WARN_ABOUT_RETURN_TYPE = YES_ERROR;
				GCC_WARN_UNDECLARED_SELECTOR = YES;
				GCC_WARN_UNINITIALIZED_AUTOS = YES_AGGRESSIVE;
				GCC_WARN_UNUSED_FUNCTION = YES;
				GCC_WARN_UNUSED_VARIABLE = YES;
				IPHONEOS_DEPLOYMENT_TARGET = 9.3;
				MTL_ENABLE_DEBUG_INFO = NO;
				SDKROOT = iphoneos;
				TARGETED_DEVICE_FAMILY = "1,2";
				VALIDATE_PRODUCT = YES;
			};
			name = Release;
		};
		FB31F0801D77B3F20032699C /* Debug */ = {
			isa = XCBuildConfiguration;
			buildSettings = {
				ASSETCATALOG_COMPILER_APPICON_NAME = AppIcon;
				INFOPLIST_FILE = CoreImageDemo01/Info.plist;
				IPHONEOS_DEPLOYMENT_TARGET = 7.1;
				LD_RUNPATH_SEARCH_PATHS = "$(inherited) @executable_path/Frameworks";
				PRODUCT_BUNDLE_IDENTIFIER = com.z2xy.CoreImageDemo01;
				PRODUCT_NAME = "$(TARGET_NAME)";
			};
			name = Debug;
		};
		FB31F0811D77B3F20032699C /* Release */ = {
			isa = XCBuildConfiguration;
			buildSettings = {
				ASSETCATALOG_COMPILER_APPICON_NAME = AppIcon;
				INFOPLIST_FILE = CoreImageDemo01/Info.plist;
				IPHONEOS_DEPLOYMENT_TARGET = 7.1;
				LD_RUNPATH_SEARCH_PATHS = "$(inherited) @executable_path/Frameworks";
				PRODUCT_BUNDLE_IDENTIFIER = com.z2xy.CoreImageDemo01;
				PRODUCT_NAME = "$(TARGET_NAME)";
			};
			name = Release;
		};
/* End XCBuildConfiguration section */

/* Begin XCConfigurationList section */
		FB31F0631D77B3F20032699C /* Build configuration list for PBXProject "CoreImageDemo01" */ = {
			isa = XCConfigurationList;
			buildConfigurations = (
				FB31F07D1D77B3F20032699C /* Debug */,
				FB31F07E1D77B3F20032699C /* Release */,
			);
			defaultConfigurationIsVisible = 0;
			defaultConfigurationName = Release;
		};
		FB31F07F1D77B3F20032699C /* Build configuration list for PBXNativeTarget "CoreImageDemo01" */ = {
			isa = XCConfigurationList;
			buildConfigurations = (
				FB31F0801D77B3F20032699C /* Debug */,
				FB31F0811D77B3F20032699C /* Release */,
			);
			defaultConfigurationIsVisible = 0;
			defaultConfigurationName = Release;
		};
/* End XCConfigurationList section */
	};
	rootObject = FB31F0601D77B3F20032699C /* Project object */;
}
